
Microsoft Visual Studio Solution File, Format Version 12.00
# Visual Studio 2012
Project("{FAE04EC0-301F-11D3-BF4B-00C04F79EFBC}") = "Xwt.Backends", "Xwt.Backends\Xwt.Backends.csproj", "{DE0C82FE-E236-43F7-82BF-DC0E2F6324A1}"
EndProject
Project("{FAE04EC0-301F-11D3-BF4B-00C04F79EFBC}") = "Xwt.Mac", "Xwt.Mac\Xwt.Mac.csproj", "{BA3C8113-C371-4052-BC9C-51401B830007}"
EndProject
Project("{2150E333-8FDC-42A3-9474-1A3956D46DE8}") = "Apps", "Apps", "{BC9BC2E0-8526-4B2A-8F63-502D9CFAFBE7}"
EndProject
Project("{2150E333-8FDC-42A3-9474-1A3956D46DE8}") = "Libraries", "Libraries", "{52F87ABC-1777-4910-BAFF-5C2D2AB98FEC}"
EndProject
Project("{FAE04EC0-301F-11D3-BF4B-00C04F79EFBC}") = "MacTest", "MacTest\MacTest.csproj", "{ED40F93E-D571-4941-BD51-D3BBC63A2140}"
EndProject
Project("{FAE04EC0-301F-11D3-BF4B-00C04F79EFBC}") = "GtkTest", "MacTest\GtkTest\GtkTest.csproj", "{B5F92068-AB56-4D54-9C07-474FABE88B48}"
EndProject
Project("{FAE04EC0-301F-11D3-BF4B-00C04F79EFBC}") = "Xwt.Gtk", "Xwt.Gtk\Xwt.Gtk.csproj", "{B0FFDFAF-9F5D-4D43-9AD0-C45628D223ED}"
EndProject
Global
	GlobalSection(SolutionConfigurationPlatforms) = preSolution
		Debug|Any CPU = Debug|Any CPU
		Release|Any CPU = Release|Any CPU
	EndGlobalSection
	GlobalSection(ProjectConfigurationPlatforms) = postSolution
		{DE0C82FE-E236-43F7-82BF-DC0E2F6324A1}.Debug|Any CPU.ActiveCfg = Debug|Any CPU
		{DE0C82FE-E236-43F7-82BF-DC0E2F6324A1}.Debug|Any CPU.Build.0 = Debug|Any CPU
		{DE0C82FE-E236-43F7-82BF-DC0E2F6324A1}.Release|Any CPU.ActiveCfg = Release|Any CPU
		{DE0C82FE-E236-43F7-82BF-DC0E2F6324A1}.Release|Any CPU.Build.0 = Release|Any CPU
		{BA3C8113-C371-4052-BC9C-51401B830007}.Debug|Any CPU.ActiveCfg = Debug|Any CPU
		{BA3C8113-C371-4052-BC9C-51401B830007}.Debug|Any CPU.Build.0 = Debug|Any CPU
		{BA3C8113-C371-4052-BC9C-51401B830007}.Release|Any CPU.ActiveCfg = Release|Any CPU
		{BA3C8113-C371-4052-BC9C-51401B830007}.Release|Any CPU.Build.0 = Release|Any CPU
		{ED40F93E-D571-4941-BD51-D3BBC63A2140}.Debug|Any CPU.ActiveCfg = Debug|Any CPU
		{ED40F93E-D571-4941-BD51-D3BBC63A2140}.Debug|Any CPU.Build.0 = Debug|Any CPU
		{ED40F93E-D571-4941-BD51-D3BBC63A2140}.Release|Any CPU.ActiveCfg = Release|Any CPU
		{ED40F93E-D571-4941-BD51-D3BBC63A2140}.Release|Any CPU.Build.0 = Release|Any CPU
		{B5F92068-AB56-4D54-9C07-474FABE88B48}.Debug|Any CPU.ActiveCfg = Debug|Any CPU
		{B5F92068-AB56-4D54-9C07-474FABE88B48}.Debug|Any CPU.Build.0 = Debug|Any CPU
		{B5F92068-AB56-4D54-9C07-474FABE88B48}.Release|Any CPU.ActiveCfg = Release|Any CPU
		{B5F92068-AB56-4D54-9C07-474FABE88B48}.Release|Any CPU.Build.0 = Release|Any CPU
		{B0FFDFAF-9F5D-4D43-9AD0-C45628D223ED}.Debug|Any CPU.ActiveCfg = Debug|Any CPU
		{B0FFDFAF-9F5D-4D43-9AD0-C45628D223ED}.Debug|Any CPU.Build.0 = Debug|Any CPU
		{B0FFDFAF-9F5D-4D43-9AD0-C45628D223ED}.Release|Any CPU.ActiveCfg = Release|Any CPU
		{B0FFDFAF-9F5D-4D43-9AD0-C45628D223ED}.Release|Any CPU.Build.0 = Release|Any CPU
	EndGlobalSection
	GlobalSection(NestedProjects) = preSolution
		{DE0C82FE-E236-43F7-82BF-DC0E2F6324A1} = {52F87ABC-1777-4910-BAFF-5C2D2AB98FEC}
		{BA3C8113-C371-4052-BC9C-51401B830007} = {52F87ABC-1777-4910-BAFF-5C2D2AB98FEC}
		{ED40F93E-D571-4941-BD51-D3BBC63A2140} = {BC9BC2E0-8526-4B2A-8F63-502D9CFAFBE7}
		{B5F92068-AB56-4D54-9C07-474FABE88B48} = {BC9BC2E0-8526-4B2A-8F63-502D9CFAFBE7}
		{B0FFDFAF-9F5D-4D43-9AD0-C45628D223ED} = {52F87ABC-1777-4910-BAFF-5C2D2AB98FEC}
	EndGlobalSection
EndGlobal
